// !$*UTF8*$!
{
	archiveVersion = 1;
	classes = {
	};
	objectVersion = 46;
	objects = {

/* Begin PBXBuildFile section */
		4441C0D81D203B060033350A /* main.m in Sources */ = {isa = PBXBuildFile; fileRef = 4441C0D71D203B060033350A /* main.m */; };
		4499F6A21D2171EF0046A6F5 /* CircleArea.m in Sources */ = {isa = PBXBuildFile; fileRef = 4499F6A11D2171EF0046A6F5 /* CircleArea.m */; };
/* End PBXBuildFile section */

/* Begin PBXCopyFilesBuildPhase section */
		4441C0D21D203B060033350A /* CopyFiles */ = {
			isa = PBXCopyFilesBuildPhase;
			buildActionMask = 2147483647;
			dstPath = /usr/share/man/man1/;
			dstSubfolderSpec = 0;
			files = (
			);
			runOnlyForDeploymentPostprocessing = 1;
		};
/* End PBXCopyFilesBuildPhase section */

/* Begin PBXFileReference section */
		4441C0D41D203B060033350A /* OC1006 */ = {isa = PBXFileReference; explicitFileType = "compiled.mach-o.executable"; includeInIndex = 0; path = OC1006; sourceTree = BUILT_PRODUCTS_DIR; };
		4441C0D71D203B060033350A /* main.m */ = {isa = PBXFileReference; lastKnownFileType = sourcecode.c.objc; path = main.m; sourceTree = "<group>"; };
		4499F6A01D2171EF0046A6F5 /* CircleArea.h */ = {isa = PBXFileReference; fileEncoding = 4; lastKnownFileType = sourcecode.c.h; path = CircleArea.h; sourceTree = "<group>"; };
		4499F6A11D2171EF0046A6F5 /* CircleArea.m */ = {isa = PBXFileReference; fileEncoding = 4; lastKnownFileType = sourcecode.c.objc; path = CircleArea.m; sourceTree = "<group>"; };
/* End PBXFileReference section */

/* Begin PBXFrameworksBuildPhase section */
		4441C0D11D203B060033350A /* Frameworks */ = {
			isa = PBXFrameworksBuildPhase;
			buildActionMask = 2147483647;
			files = (
			);
			runOnlyForDeploymentPostprocessing = 0;
		};
/* End PBXFrameworksBuildPhase section */

/* Begin PBXGroup section */
		4441C0CB1D203B060033350A = {
			isa = PBXGroup;
			children = (
				4441C0D61D203B060033350A /* OC1006 */,
				4441C0D51D203B060033350A /* Products */,
			);
			sourceTree = "<group>";
		};
		4441C0D51D203B060033350A /* Products */ = {
			isa = PBXGroup;
			children = (
				4441C0D41D203B060033350A /* OC1006 */,
			);
			name = Products;
			sourceTree = "<group>";
		};
		4441C0D61D203B060033350A /* OC1006 */ = {
			isa = PBXGroup;
			children = (
				4441C0D71D203B060033350A /* main.m */,
				4499F6A01D2171EF0046A6F5 /* CircleArea.h */,
				4499F6A11D2171EF0046A6F5 /* CircleArea.m */,
			);
			path = OC1006;
			sourceTree = "<group>";
		};
/* End PBXGroup section */

/* Begin PBXNativeTarget section */
		4441C0D31D203B060033350A /* OC1006 */ = {
			isa = PBXNativeTarget;
			buildConfigurationList = 4441C0DB1D203B060033350A /* Build configuration list for PBXNativeTarget "OC1006" */;
			buildPhases = (
				4441C0D01D203B060033350A /* Sources */,
				4441C0D11D203B060033350A /* Frameworks */,
				4441C0D21D203B060033350A /* CopyFiles */,
			);
			buildRules = (
			);
			dependencies = (
			);
			name = OC1006;
			productName = OC1006;
			productReference = 4441C0D41D203B060033350A /* OC1006 */;
			productType = "com.apple.product-type.tool";
		};
/* End PBXNativeTarget section */

/* Begin PBXProject section */
		4441C0CC1D203B060033350A /* Project object */ = {
			isa = PBXProject;
			attributes = {
				LastUpgradeCheck = 0640;
				ORGANIZATIONNAME = jiesoon;
				TargetAttributes = {
					4441C0D31D203B060033350A = {
						CreatedOnToolsVersion = 6.4;
					};
				};
			};
			buildConfigurationList = 4441C0CF1D203B060033350A /* Build configuration list for PBXProject "OC1006" */;
			compatibilityVersion = "Xcode 3.2";
			developmentRegion = English;
			hasScannedForEncodings = 0;
			knownRegions = (
				en,
			);
			mainGroup = 4441C0CB1D203B060033350A;
			productRefGroup = 4441C0D51D203B060033350A /* Products */;
			projectDirPath = "";
			projectRoot = "";
			targets = (
				4441C0D31D203B060033350A /* OC1006 */,
			);
		};
/* End PBXProject section */

/* Begin PBXSourcesBuildPhase section */
		4441C0D01D203B060033350A /* Sources */ = {
			isa = PBXSourcesBuildPhase;
			buildActionMask = 2147483647;
			files = (
				4499F6A21D2171EF0046A6F5 /* CircleArea.m in Sources */,
				4441C0D81D203B060033350A /* main.m in Sources */,
			);
			runOnlyForDeploymentPostprocessing = 0;
		};
/* End PBXSourcesBuildPhase section */

/* Begin XCBuildConfiguration section */
		4441C0D91D203B060033350A /* Debug */ = {
			isa = XCBuildConfiguration;
			buildSettings = {
				ALWAYS_SEARCH_USER_PATHS = NO;
				CLANG_CXX_LANGUAGE_STANDARD = "gnu++0x";
				CLANG_CXX_LIBRARY = "libc++";
				CLANG_ENABLE_MODULES = YES;
				CLANG_ENABLE_OBJC_ARC = YES;
				CLANG_WARN_BOOL_CONVERSION = YES;
				CLANG_WARN_CONSTANT_CONVERSION = YES;
				CLANG_WARN_DIRECT_OBJC_ISA_USAGE = YES_ERROR;
				CLANG_WARN_EMPTY_BODY = YES;
				CLANG_WARN_ENUM_CONVERSION = YES;
				CLANG_WARN_INT_CONVERSION = YES;
				CLANG_WARN_OBJC_ROOT_CLASS = YES_ERROR;
				CLANG_WARN_UNREACHABLE_CODE = YES;
				CLANG_WARN__DUPLICATE_METHOD_MATCH = YES;
				COPY_PHASE_STRIP = NO;
				DEBUG_INFORMATION_FORMAT = dwarf;
				ENABLE_STRICT_OBJC_MSGSEND = YES;
				GCC_C_LANGUAGE_STANDARD = gnu99;
				GCC_DYNAMIC_NO_PIC = NO;
				GCC_NO_COMMON_BLOCKS = YES;
				GCC_OPTIMIZATION_LEVEL = 0;
				GCC_PREPROCESSOR_DEFINITIONS = (
					"DEBUG=1",
					"$(inherited)",
				);
				GCC_SYMBOLS_PRIVATE_EXTERN = NO;
				GCC_WARN_64_TO_32_BIT_CONVERSION = YES;
				GCC_WARN_ABOUT_RETURN_TYPE = YES_ERROR;
				GCC_WARN_UNDECLARED_SELECTOR = YES;
				GCC_WARN_UNINITIALIZED_AUTOS = YES_AGGRESSIVE;
				GCC_WARN_UNUSED_FUNCTION = YES;
				GCC_WARN_UNUSED_VARIABLE = YES;
				MACOSX_DEPLOYMENT_TARGET = 10.10;
				MTL_ENABLE_DEBUG_INFO = YES;
				ONLY_ACTIVE_ARCH = YES;
				SDKROOT = macosx;
			};
			name = Debug;
		};
		4441C0DA1D203B060033350A /* Release */ = {
			isa = XCBuildConfiguration;
			buildSettings = {
				ALWAYS_SEARCH_USER_PATHS = NO;
				CLANG_CXX_LANGUAGE_STANDARD = "gnu++0x";
				CLANG_CXX_LIBRARY = "libc++";
				CLANG_ENABLE_MODULES = YES;
				CLANG_ENABLE_OBJC_ARC = YES;
				CLANG_WARN_BOOL_CONVERSION = YES;
				CLANG_WARN_CONSTANT_CONVERSION = YES;
				CLANG_WARN_DIRECT_OBJC_ISA_USAGE = YES_ERROR;
				CLANG_WARN_EMPTY_BODY = YES;
				CLANG_WARN_ENUM_CONVERSION = YES;
				CLANG_WARN_INT_CONVERSION = YES;
				CLANG_WARN_OBJC_ROOT_CLASS = YES_ERROR;
				CLANG_WARN_UNREACHABLE_CODE = YES;
				CLANG_WARN__DUPLICATE_METHOD_MATCH = YES;
				COPY_PHASE_STRIP = NO;
				DEBUG_INFORMATION_FORMAT = "dwarf-with-dsym";
				ENABLE_NS_ASSERTIONS = NO;
				ENABLE_STRICT_OBJC_MSGSEND = YES;
				GCC_C_LANGUAGE_STANDARD = gnu99;
				GCC_NO_COMMON_BLOCKS = YES;
				GCC_WARN_64_TO_32_BIT_CONVERSION = YES;
				GCC_WARN_ABOUT_RETURN_TYPE = YES_ERROR;
				GCC_WARN_UNDECLARED_SELECTOR = YES;
				GCC_WARN_UNINITIALIZED_AUTOS = YES_AGGRESSIVE;
				GCC_WARN_UNUSED_FUNCTION = YES;
				GCC_WARN_UNUSED_VARIABLE = YES;
				MACOSX_DEPLOYMENT_TARGET = 10.10;
				MTL_ENABLE_DEBUG_INFO = NO;
				SDKROOT = macosx;
			};
			name = Release;
		};
		4441C0DC1D203B060033350A /* Debug */ = {
			isa = XCBuildConfiguration;
			buildSettings = {
				PRODUCT_NAME = "$(TARGET_NAME)";
			};
			name = Debug;
		};
		4441C0DD1D203B060033350A /* Release */ = {
			isa = XCBuildConfiguration;
			buildSettings = {
				PRODUCT_NAME = "$(TARGET_NAME)";
			};
			name = Release;
		};
/* End XCBuildConfiguration section */

/* Begin XCConfigurationList section */
		4441C0CF1D203B060033350A /* Build configuration list for PBXProject "OC1006" */ = {
			isa = XCConfigurationList;
			buildConfigurations = (
				4441C0D91D203B060033350A /* Debug */,
				4441C0DA1D203B060033350A /* Release */,
			);
			defaultConfigurationIsVisible = 0;
			defaultConfigurationName = Release;
		};
		4441C0DB1D203B060033350A /* Build configuration list for PBXNativeTarget "OC1006" */ = {
			isa = XCConfigurationList;
			buildConfigurations = (
				4441C0DC1D203B060033350A /* Debug */,
				4441C0DD1D203B060033350A /* Release */,
			);
			defaultConfigurationIsVisible = 0;
			defaultConfigurationName = Release;
		};
/* End XCConfigurationList section */
	};
	rootObject = 4441C0CC1D203B060033350A /* Project object */;
}
